
Microsoft Visual Studio Solution File, Format Version 12.00
# Visual Studio Version 16
VisualStudioVersion = 16.0.32802.440
MinimumVisualStudioVersion = 10.0.40219.1
Project("{FAE04EC0-301F-11D3-BF4B-00C04F79EFBC}") = "StudentMVCApp", "StudentMVCApp\StudentMVCApp.csproj", "{DCD54AE5-41A3-4D13-B533-96904CCAF8DA}"
EndProject
Global
	GlobalSection(SolutionConfigurationPlatforms) = preSolution
		Debug|Any CPU = Debug|Any CPU
		Release|Any CPU = Release|Any CPU
	EndGlobalSection
	GlobalSection(ProjectConfigurationPlatforms) = postSolution
		{DCD54AE5-41A3-4D13-B533-96904CCAF8DA}.Debug|Any CPU.ActiveCfg = Debug|Any CPU
		{DCD54AE5-41A3-4D13-B533-96904CCAF8DA}.Debug|Any CPU.Build.0 = Debug|Any CPU
		{DCD54AE5-41A3-4D13-B533-96904CCAF8DA}.Release|Any CPU.ActiveCfg = Release|Any CPU
		{DCD54AE5-41A3-4D13-B533-96904CCAF8DA}.Release|Any CPU.Build.0 = Release|Any CPU
	EndGlobalSection
	GlobalSection(SolutionProperties) = preSolution
		HideSolutionNode = FALSE
	EndGlobalSection
	GlobalSection(ExtensibilityGlobals) = postSolution
		SolutionGuid = {783565AE-57FA-4C3A-9D27-383692513308}
	EndGlobalSection
EndGlobal
